// !$*UTF8*$!
{
	archiveVersion = 1;
	classes = {
	};
	objectVersion = 56;
	objects = {

/* Begin PBXBuildFile section */
		273EC01F3750CEA3B3E3323A /* Pods_UnitUITesting.framework in Frameworks */ = {isa = PBXBuildFile; fileRef = FF42DA8E185DD75EDD9FC345 /* Pods_UnitUITesting.framework */; };
		648491EB2972690800E11A55 /* UnitUITestingApp.swift in Sources */ = {isa = PBXBuildFile; fileRef = 648491EA2972690800E11A55 /* UnitUITestingApp.swift */; };
		648491ED2972690800E11A55 /* ContentView.swift in Sources */ = {isa = PBXBuildFile; fileRef = 648491EC2972690800E11A55 /* ContentView.swift */; };
		648491EF2972690A00E11A55 /* Assets.xcassets in Resources */ = {isa = PBXBuildFile; fileRef = 648491EE2972690A00E11A55 /* Assets.xcassets */; };
		648491F22972690A00E11A55 /* Preview Assets.xcassets in Resources */ = {isa = PBXBuildFile; fileRef = 648491F12972690A00E11A55 /* Preview Assets.xcassets */; };
		648491FC2972690A00E11A55 /* UnitUITestingTests.swift in Sources */ = {isa = PBXBuildFile; fileRef = 648491FB2972690A00E11A55 /* UnitUITestingTests.swift */; };
		648492062972690A00E11A55 /* UnitUITestingUITests.swift in Sources */ = {isa = PBXBuildFile; fileRef = 648492052972690A00E11A55 /* UnitUITestingUITests.swift */; };
		648492082972690A00E11A55 /* UnitUITestingUITestsLaunchTests.swift in Sources */ = {isa = PBXBuildFile; fileRef = 648492072972690A00E11A55 /* UnitUITestingUITestsLaunchTests.swift */; };
		648492162972693C00E11A55 /* AFHttp.swift in Sources */ = {isa = PBXBuildFile; fileRef = 648492152972693C00E11A55 /* AFHttp.swift */; };
		648492172972693C00E11A55 /* AFHttp.swift in Sources */ = {isa = PBXBuildFile; fileRef = 648492152972693C00E11A55 /* AFHttp.swift */; };
		648492182972693C00E11A55 /* AFHttp.swift in Sources */ = {isa = PBXBuildFile; fileRef = 648492152972693C00E11A55 /* AFHttp.swift */; };
		6484921B2972695B00E11A55 /* Contact.swift in Sources */ = {isa = PBXBuildFile; fileRef = 6484921A2972695B00E11A55 /* Contact.swift */; };
		6484921C2972695B00E11A55 /* Contact.swift in Sources */ = {isa = PBXBuildFile; fileRef = 6484921A2972695B00E11A55 /* Contact.swift */; };
		6484921D2972695B00E11A55 /* Contact.swift in Sources */ = {isa = PBXBuildFile; fileRef = 6484921A2972695B00E11A55 /* Contact.swift */; };
		64E1611929767C7800C625C5 /* ContactCell.swift in Sources */ = {isa = PBXBuildFile; fileRef = 64E1611829767C7800C625C5 /* ContactCell.swift */; };
		64E1611B29767CCF00C625C5 /* ViewModel.swift in Sources */ = {isa = PBXBuildFile; fileRef = 64E1611A29767CCF00C625C5 /* ViewModel.swift */; };
		99D56839FD073A460AD106C7 /* Pods_UnitUITesting_UnitUITestingUITests.framework in Frameworks */ = {isa = PBXBuildFile; fileRef = 79D3C796C54A85360AEE81C6 /* Pods_UnitUITesting_UnitUITestingUITests.framework */; };
		D49428DF77FB7D36F78C29A5 /* Pods_UnitUITestingTests.framework in Frameworks */ = {isa = PBXBuildFile; fileRef = 35CA4217F130506BF565B1E1 /* Pods_UnitUITestingTests.framework */; };
/* End PBXBuildFile section */

/* Begin PBXContainerItemProxy section */
		648491F82972690A00E11A55 /* PBXContainerItemProxy */ = {
			isa = PBXContainerItemProxy;
			containerPortal = 648491DF2972690800E11A55 /* Project object */;
			proxyType = 1;
			remoteGlobalIDString = 648491E62972690800E11A55;
			remoteInfo = UnitUITesting;
		};
		648492022972690A00E11A55 /* PBXContainerItemProxy */ = {
			isa = PBXContainerItemProxy;
			containerPortal = 648491DF2972690800E11A55 /* Project object */;
			proxyType = 1;
			remoteGlobalIDString = 648491E62972690800E11A55;
			remoteInfo = UnitUITesting;
		};
/* End PBXContainerItemProxy section */

/* Begin PBXFileReference section */
		35CA4217F130506BF565B1E1 /* Pods_UnitUITestingTests.framework */ = {isa = PBXFileReference; explicitFileType = wrapper.framework; includeInIndex = 0; path = Pods_UnitUITestingTests.framework; sourceTree = BUILT_PRODUCTS_DIR; };
		3C4A8F6290AD994BB07319CC /* Pods-UnitUITesting.debug.xcconfig */ = {isa = PBXFileReference; includeInIndex = 1; lastKnownFileType = text.xcconfig; name = "Pods-UnitUITesting.debug.xcconfig"; path = "Target Support Files/Pods-UnitUITesting/Pods-UnitUITesting.debug.xcconfig"; sourceTree = "<group>"; };
		50C8E7BA067BC28A4190EE8C /* Pods-UnitUITesting-UnitUITestingUITests.debug.xcconfig */ = {isa = PBXFileReference; includeInIndex = 1; lastKnownFileType = text.xcconfig; name = "Pods-UnitUITesting-UnitUITestingUITests.debug.xcconfig"; path = "Target Support Files/Pods-UnitUITesting-UnitUITestingUITests/Pods-UnitUITesting-UnitUITestingUITests.debug.xcconfig"; sourceTree = "<group>"; };
		648491E72972690800E11A55 /* UnitUITesting.app */ = {isa = PBXFileReference; explicitFileType = wrapper.application; includeInIndex = 0; path = UnitUITesting.app; sourceTree = BUILT_PRODUCTS_DIR; };
		648491EA2972690800E11A55 /* UnitUITestingApp.swift */ = {isa = PBXFileReference; lastKnownFileType = sourcecode.swift; path = UnitUITestingApp.swift; sourceTree = "<group>"; };
		648491EC2972690800E11A55 /* ContentView.swift */ = {isa = PBXFileReference; lastKnownFileType = sourcecode.swift; path = ContentView.swift; sourceTree = "<group>"; };
		648491EE2972690A00E11A55 /* Assets.xcassets */ = {isa = PBXFileReference; lastKnownFileType = folder.assetcatalog; path = Assets.xcassets; sourceTree = "<group>"; };
		648491F12972690A00E11A55 /* Preview Assets.xcassets */ = {isa = PBXFileReference; lastKnownFileType = folder.assetcatalog; path = "Preview Assets.xcassets"; sourceTree = "<group>"; };
		648491F72972690A00E11A55 /* UnitUITestingTests.xctest */ = {isa = PBXFileReference; explicitFileType = wrapper.cfbundle; includeInIndex = 0; path = UnitUITestingTests.xctest; sourceTree = BUILT_PRODUCTS_DIR; };
		648491FB2972690A00E11A55 /* UnitUITestingTests.swift */ = {isa = PBXFileReference; lastKnownFileType = sourcecode.swift; path = UnitUITestingTests.swift; sourceTree = "<group>"; };
		648492012972690A00E11A55 /* UnitUITestingUITests.xctest */ = {isa = PBXFileReference; explicitFileType = wrapper.cfbundle; includeInIndex = 0; path = UnitUITestingUITests.xctest; sourceTree = BUILT_PRODUCTS_DIR; };
		648492052972690A00E11A55 /* UnitUITestingUITests.swift */ = {isa = PBXFileReference; lastKnownFileType = sourcecode.swift; path = UnitUITestingUITests.swift; sourceTree = "<group>"; };
		648492072972690A00E11A55 /* UnitUITestingUITestsLaunchTests.swift */ = {isa = PBXFileReference; lastKnownFileType = sourcecode.swift; path = UnitUITestingUITestsLaunchTests.swift; sourceTree = "<group>"; };
		648492152972693C00E11A55 /* AFHttp.swift */ = {isa = PBXFileReference; lastKnownFileType = sourcecode.swift; path = AFHttp.swift; sourceTree = "<group>"; };
		6484921A2972695B00E11A55 /* Contact.swift */ = {isa = PBXFileReference; lastKnownFileType = sourcecode.swift; path = Contact.swift; sourceTree = "<group>"; };
		64E1611829767C7800C625C5 /* ContactCell.swift */ = {isa = PBXFileReference; lastKnownFileType = sourcecode.swift; path = ContactCell.swift; sourceTree = "<group>"; };
		64E1611A29767CCF00C625C5 /* ViewModel.swift */ = {isa = PBXFileReference; lastKnownFileType = sourcecode.swift; path = ViewModel.swift; sourceTree = "<group>"; };
		79D3C796C54A85360AEE81C6 /* Pods_UnitUITesting_UnitUITestingUITests.framework */ = {isa = PBXFileReference; explicitFileType = wrapper.framework; includeInIndex = 0; path = Pods_UnitUITesting_UnitUITestingUITests.framework; sourceTree = BUILT_PRODUCTS_DIR; };
		89CB38DA65C02AE7C4FCD575 /* Pods-UnitUITesting-UnitUITestingUITests.release.xcconfig */ = {isa = PBXFileReference; includeInIndex = 1; lastKnownFileType = text.xcconfig; name = "Pods-UnitUITesting-UnitUITestingUITests.release.xcconfig"; path = "Target Support Files/Pods-UnitUITesting-UnitUITestingUITests/Pods-UnitUITesting-UnitUITestingUITests.release.xcconfig"; sourceTree = "<group>"; };
		99AE97E2B853DC749FB3972B /* Pods-UnitUITestingTests.release.xcconfig */ = {isa = PBXFileReference; includeInIndex = 1; lastKnownFileType = text.xcconfig; name = "Pods-UnitUITestingTests.release.xcconfig"; path = "Target Support Files/Pods-UnitUITestingTests/Pods-UnitUITestingTests.release.xcconfig"; sourceTree = "<group>"; };
		B62B9F39D7AEBA7D894A3074 /* Pods-UnitUITesting.release.xcconfig */ = {isa = PBXFileReference; includeInIndex = 1; lastKnownFileType = text.xcconfig; name = "Pods-UnitUITesting.release.xcconfig"; path = "Target Support Files/Pods-UnitUITesting/Pods-UnitUITesting.release.xcconfig"; sourceTree = "<group>"; };
		E24BC3B5DCB5E987CE5D1DB2 /* Pods-UnitUITestingTests.debug.xcconfig */ = {isa = PBXFileReference; includeInIndex = 1; lastKnownFileType = text.xcconfig; name = "Pods-UnitUITestingTests.debug.xcconfig"; path = "Target Support Files/Pods-UnitUITestingTests/Pods-UnitUITestingTests.debug.xcconfig"; sourceTree = "<group>"; };
		FF42DA8E185DD75EDD9FC345 /* Pods_UnitUITesting.framework */ = {isa = PBXFileReference; explicitFileType = wrapper.framework; includeInIndex = 0; path = Pods_UnitUITesting.framework; sourceTree = BUILT_PRODUCTS_DIR; };
/* End PBXFileReference section */

/* Begin PBXFrameworksBuildPhase section */
		648491E42972690800E11A55 /* Frameworks */ = {
			isa = PBXFrameworksBuildPhase;
			buildActionMask = 2147483647;
			files = (
				273EC01F3750CEA3B3E3323A /* Pods_UnitUITesting.framework in Frameworks */,
			);
			runOnlyForDeploymentPostprocessing = 0;
		};
		648491F42972690A00E11A55 /* Frameworks */ = {
			isa = PBXFrameworksBuildPhase;
			buildActionMask = 2147483647;
			files = (
				D49428DF77FB7D36F78C29A5 /* Pods_UnitUITestingTests.framework in Frameworks */,
			);
			runOnlyForDeploymentPostprocessing = 0;
		};
		648491FE2972690A00E11A55 /* Frameworks */ = {
			isa = PBXFrameworksBuildPhase;
			buildActionMask = 2147483647;
			files = (
				99D56839FD073A460AD106C7 /* Pods_UnitUITesting_UnitUITestingUITests.framework in Frameworks */,
			);
			runOnlyForDeploymentPostprocessing = 0;
		};
/* End PBXFrameworksBuildPhase section */

/* Begin PBXGroup section */
		036E50A57CFDB2E10C901286 /* Frameworks */ = {
			isa = PBXGroup;
			children = (
				FF42DA8E185DD75EDD9FC345 /* Pods_UnitUITesting.framework */,
				79D3C796C54A85360AEE81C6 /* Pods_UnitUITesting_UnitUITestingUITests.framework */,
				35CA4217F130506BF565B1E1 /* Pods_UnitUITestingTests.framework */,
			);
			name = Frameworks;
			sourceTree = "<group>";
		};
		648491DE2972690800E11A55 = {
			isa = PBXGroup;
			children = (
				648491E92972690800E11A55 /* UnitUITesting */,
				648491FA2972690A00E11A55 /* UnitUITestingTests */,
				648492042972690A00E11A55 /* UnitUITestingUITests */,
				648491E82972690800E11A55 /* Products */,
				FC8D4547D68C9088895F2EE5 /* Pods */,
				036E50A57CFDB2E10C901286 /* Frameworks */,
			);
			sourceTree = "<group>";
		};
		648491E82972690800E11A55 /* Products */ = {
			isa = PBXGroup;
			children = (
				648491E72972690800E11A55 /* UnitUITesting.app */,
				648491F72972690A00E11A55 /* UnitUITestingTests.xctest */,
				648492012972690A00E11A55 /* UnitUITestingUITests.xctest */,
			);
			name = Products;
			sourceTree = "<group>";
		};
		648491E92972690800E11A55 /* UnitUITesting */ = {
			isa = PBXGroup;
			children = (
				64E1611729767C6800C625C5 /* cells */,
				648492192972695400E11A55 /* model */,
				648492142972691600E11A55 /* network */,
				648491EA2972690800E11A55 /* UnitUITestingApp.swift */,
				648491EC2972690800E11A55 /* ContentView.swift */,
				648491EE2972690A00E11A55 /* Assets.xcassets */,
				648491F02972690A00E11A55 /* Preview Content */,
				64E1611A29767CCF00C625C5 /* ViewModel.swift */,
			);
			path = UnitUITesting;
			sourceTree = "<group>";
		};
		648491F02972690A00E11A55 /* Preview Content */ = {
			isa = PBXGroup;
			children = (
				648491F12972690A00E11A55 /* Preview Assets.xcassets */,
			);
			path = "Preview Content";
			sourceTree = "<group>";
		};
		648491FA2972690A00E11A55 /* UnitUITestingTests */ = {
			isa = PBXGroup;
			children = (
				648491FB2972690A00E11A55 /* UnitUITestingTests.swift */,
			);
			path = UnitUITestingTests;
			sourceTree = "<group>";
		};
		648492042972690A00E11A55 /* UnitUITestingUITests */ = {
			isa = PBXGroup;
			children = (
				648492052972690A00E11A55 /* UnitUITestingUITests.swift */,
				648492072972690A00E11A55 /* UnitUITestingUITestsLaunchTests.swift */,
			);
			path = UnitUITestingUITests;
			sourceTree = "<group>";
		};
		648492142972691600E11A55 /* network */ = {
			isa = PBXGroup;
			children = (
				648492152972693C00E11A55 /* AFHttp.swift */,
			);
			path = network;
			sourceTree = "<group>";
		};
		648492192972695400E11A55 /* model */ = {
			isa = PBXGroup;
			children = (
				6484921A2972695B00E11A55 /* Contact.swift */,
			);
			path = model;
			sourceTree = "<group>";
		};
		64E1611729767C6800C625C5 /* cells */ = {
			isa = PBXGroup;
			children = (
				64E1611829767C7800C625C5 /* ContactCell.swift */,
			);
			path = cells;
			sourceTree = "<group>";
		};
		FC8D4547D68C9088895F2EE5 /* Pods */ = {
			isa = PBXGroup;
			children = (
				3C4A8F6290AD994BB07319CC /* Pods-UnitUITesting.debug.xcconfig */,
				B62B9F39D7AEBA7D894A3074 /* Pods-UnitUITesting.release.xcconfig */,
				50C8E7BA067BC28A4190EE8C /* Pods-UnitUITesting-UnitUITestingUITests.debug.xcconfig */,
				89CB38DA65C02AE7C4FCD575 /* Pods-UnitUITesting-UnitUITestingUITests.release.xcconfig */,
				E24BC3B5DCB5E987CE5D1DB2 /* Pods-UnitUITestingTests.debug.xcconfig */,
				99AE97E2B853DC749FB3972B /* Pods-UnitUITestingTests.release.xcconfig */,
			);
			path = Pods;
			sourceTree = "<group>";
		};
/* End PBXGroup section */

/* Begin PBXNativeTarget section */
		648491E62972690800E11A55 /* UnitUITesting */ = {
			isa = PBXNativeTarget;
			buildConfigurationList = 6484920B2972690A00E11A55 /* Build configuration list for PBXNativeTarget "UnitUITesting" */;
			buildPhases = (
				77A27604172B726F181DC0D5 /* [CP] Check Pods Manifest.lock */,
				648491E32972690800E11A55 /* Sources */,
				648491E42972690800E11A55 /* Frameworks */,
				648491E52972690800E11A55 /* Resources */,
				5B0FAF54240C822C6C884A23 /* [CP] Embed Pods Frameworks */,
			);
			buildRules = (
			);
			dependencies = (
			);
			name = UnitUITesting;
			productName = UnitUITesting;
			productReference = 648491E72972690800E11A55 /* UnitUITesting.app */;
			productType = "com.apple.product-type.application";
		};
		648491F62972690A00E11A55 /* UnitUITestingTests */ = {
			isa = PBXNativeTarget;
			buildConfigurationList = 6484920E2972690A00E11A55 /* Build configuration list for PBXNativeTarget "UnitUITestingTests" */;
			buildPhases = (
				606959A52F35748F149C601A /* [CP] Check Pods Manifest.lock */,
				648491F32972690A00E11A55 /* Sources */,
				648491F42972690A00E11A55 /* Frameworks */,
				648491F52972690A00E11A55 /* Resources */,
			);
			buildRules = (
			);
			dependencies = (
				648491F92972690A00E11A55 /* PBXTargetDependency */,
			);
			name = UnitUITestingTests;
			productName = UnitUITestingTests;
			productReference = 648491F72972690A00E11A55 /* UnitUITestingTests.xctest */;
			productType = "com.apple.product-type.bundle.unit-test";
		};
		648492002972690A00E11A55 /* UnitUITestingUITests */ = {
			isa = PBXNativeTarget;
			buildConfigurationList = 648492112972690A00E11A55 /* Build configuration list for PBXNativeTarget "UnitUITestingUITests" */;
			buildPhases = (
				7CB3245A6706986D67BF1917 /* [CP] Check Pods Manifest.lock */,
				648491FD2972690A00E11A55 /* Sources */,
				648491FE2972690A00E11A55 /* Frameworks */,
				648491FF2972690A00E11A55 /* Resources */,
				B49D39A24A44B61D87E4ADFB /* [CP] Embed Pods Frameworks */,
			);
			buildRules = (
			);
			dependencies = (
				648492032972690A00E11A55 /* PBXTargetDependency */,
			);
			name = UnitUITestingUITests;
			productName = UnitUITestingUITests;
			productReference = 648492012972690A00E11A55 /* UnitUITestingUITests.xctest */;
			productType = "com.apple.product-type.bundle.ui-testing";
		};
/* End PBXNativeTarget section */

/* Begin PBXProject section */
		648491DF2972690800E11A55 /* Project object */ = {
			isa = PBXProject;
			attributes = {
				BuildIndependentTargetsInParallel = 1;
				LastSwiftUpdateCheck = 1420;
				LastUpgradeCheck = 1420;
				TargetAttributes = {
					648491E62972690800E11A55 = {
						CreatedOnToolsVersion = 14.2;
					};
					648491F62972690A00E11A55 = {
						CreatedOnToolsVersion = 14.2;
						TestTargetID = 648491E62972690800E11A55;
					};
					648492002972690A00E11A55 = {
						CreatedOnToolsVersion = 14.2;
						TestTargetID = 648491E62972690800E11A55;
					};
				};
			};
			buildConfigurationList = 648491E22972690800E11A55 /* Build configuration list for PBXProject "UnitUITesting" */;
			compatibilityVersion = "Xcode 14.0";
			developmentRegion = en;
			hasScannedForEncodings = 0;
			knownRegions = (
				en,
				Base,
			);
			mainGroup = 648491DE2972690800E11A55;
			productRefGroup = 648491E82972690800E11A55 /* Products */;
			projectDirPath = "";
			projectRoot = "";
			targets = (
				648491E62972690800E11A55 /* UnitUITesting */,
				648491F62972690A00E11A55 /* UnitUITestingTests */,
				648492002972690A00E11A55 /* UnitUITestingUITests */,
			);
		};
/* End PBXProject section */

/* Begin PBXResourcesBuildPhase section */
		648491E52972690800E11A55 /* Resources */ = {
			isa = PBXResourcesBuildPhase;
			buildActionMask = 2147483647;
			files = (
				648491F22972690A00E11A55 /* Preview Assets.xcassets in Resources */,
				648491EF2972690A00E11A55 /* Assets.xcassets in Resources */,
			);
			runOnlyForDeploymentPostprocessing = 0;
		};
		648491F52972690A00E11A55 /* Resources */ = {
			isa = PBXResourcesBuildPhase;
			buildActionMask = 2147483647;
			files = (
			);
			runOnlyForDeploymentPostprocessing = 0;
		};
		648491FF2972690A00E11A55 /* Resources */ = {
			isa = PBXResourcesBuildPhase;
			buildActionMask = 2147483647;
			files = (
			);
			runOnlyForDeploymentPostprocessing = 0;
		};
/* End PBXResourcesBuildPhase section */

/* Begin PBXShellScriptBuildPhase section */
		5B0FAF54240C822C6C884A23 /* [CP] Embed Pods Frameworks */ = {
			isa = PBXShellScriptBuildPhase;
			buildActionMask = 2147483647;
			files = (
			);
			inputFileListPaths = (
				"${PODS_ROOT}/Target Support Files/Pods-UnitUITesting/Pods-UnitUITesting-frameworks-${CONFIGURATION}-input-files.xcfilelist",
			);
			name = "[CP] Embed Pods Frameworks";
			outputFileListPaths = (
				"${PODS_ROOT}/Target Support Files/Pods-UnitUITesting/Pods-UnitUITesting-frameworks-${CONFIGURATION}-output-files.xcfilelist",
			);
			runOnlyForDeploymentPostprocessing = 0;
			shellPath = /bin/sh;
			shellScript = "\"${PODS_ROOT}/Target Support Files/Pods-UnitUITesting/Pods-UnitUITesting-frameworks.sh\"\n";
			showEnvVarsInLog = 0;
		};
		606959A52F35748F149C601A /* [CP] Check Pods Manifest.lock */ = {
			isa = PBXShellScriptBuildPhase;
			buildActionMask = 2147483647;
			files = (
			);
			inputFileListPaths = (
			);
			inputPaths = (
				"${PODS_PODFILE_DIR_PATH}/Podfile.lock",
				"${PODS_ROOT}/Manifest.lock",
			);
			name = "[CP] Check Pods Manifest.lock";
			outputFileListPaths = (
			);
			outputPaths = (
				"$(DERIVED_FILE_DIR)/Pods-UnitUITestingTests-checkManifestLockResult.txt",
			);
			runOnlyForDeploymentPostprocessing = 0;
			shellPath = /bin/sh;
			shellScript = "diff \"${PODS_PODFILE_DIR_PATH}/Podfile.lock\" \"${PODS_ROOT}/Manifest.lock\" > /dev/null\nif [ $? != 0 ] ; then\n    # print error to STDERR\n    echo \"error: The sandbox is not in sync with the Podfile.lock. Run 'pod install' or update your CocoaPods installation.\" >&2\n    exit 1\nfi\n# This output is used by Xcode 'outputs' to avoid re-running this script phase.\necho \"SUCCESS\" > \"${SCRIPT_OUTPUT_FILE_0}\"\n";
			showEnvVarsInLog = 0;
		};
		77A27604172B726F181DC0D5 /* [CP] Check Pods Manifest.lock */ = {
			isa = PBXShellScriptBuildPhase;
			buildActionMask = 2147483647;
			files = (
			);
			inputFileListPaths = (
			);
			inputPaths = (
				"${PODS_PODFILE_DIR_PATH}/Podfile.lock",
				"${PODS_ROOT}/Manifest.lock",
			);
			name = "[CP] Check Pods Manifest.lock";
			outputFileListPaths = (
			);
			outputPaths = (
				"$(DERIVED_FILE_DIR)/Pods-UnitUITesting-checkManifestLockResult.txt",
			);
			runOnlyForDeploymentPostprocessing = 0;
			shellPath = /bin/sh;
			shellScript = "diff \"${PODS_PODFILE_DIR_PATH}/Podfile.lock\" \"${PODS_ROOT}/Manifest.lock\" > /dev/null\nif [ $? != 0 ] ; then\n    # print error to STDERR\n    echo \"error: The sandbox is not in sync with the Podfile.lock. Run 'pod install' or update your CocoaPods installation.\" >&2\n    exit 1\nfi\n# This output is used by Xcode 'outputs' to avoid re-running this script phase.\necho \"SUCCESS\" > \"${SCRIPT_OUTPUT_FILE_0}\"\n";
			showEnvVarsInLog = 0;
		};
		7CB3245A6706986D67BF1917 /* [CP] Check Pods Manifest.lock */ = {
			isa = PBXShellScriptBuildPhase;
			buildActionMask = 2147483647;
			files = (
			);
			inputFileListPaths = (
			);
			inputPaths = (
				"${PODS_PODFILE_DIR_PATH}/Podfile.lock",
				"${PODS_ROOT}/Manifest.lock",
			);
			name = "[CP] Check Pods Manifest.lock";
			outputFileListPaths = (
			);
			outputPaths = (
				"$(DERIVED_FILE_DIR)/Pods-UnitUITesting-UnitUITestingUITests-checkManifestLockResult.txt",
			);
			runOnlyForDeploymentPostprocessing = 0;
			shellPath = /bin/sh;
			shellScript = "diff \"${PODS_PODFILE_DIR_PATH}/Podfile.lock\" \"${PODS_ROOT}/Manifest.lock\" > /dev/null\nif [ $? != 0 ] ; then\n    # print error to STDERR\n    echo \"error: The sandbox is not in sync with the Podfile.lock. Run 'pod install' or update your CocoaPods installation.\" >&2\n    exit 1\nfi\n# This output is used by Xcode 'outputs' to avoid re-running this script phase.\necho \"SUCCESS\" > \"${SCRIPT_OUTPUT_FILE_0}\"\n";
			showEnvVarsInLog = 0;
		};
		B49D39A24A44B61D87E4ADFB /* [CP] Embed Pods Frameworks */ = {
			isa = PBXShellScriptBuildPhase;
			buildActionMask = 2147483647;
			files = (
			);
			inputFileListPaths = (
				"${PODS_ROOT}/Target Support Files/Pods-UnitUITesting-UnitUITestingUITests/Pods-UnitUITesting-UnitUITestingUITests-frameworks-${CONFIGURATION}-input-files.xcfilelist",
			);
			name = "[CP] Embed Pods Frameworks";
			outputFileListPaths = (
				"${PODS_ROOT}/Target Support Files/Pods-UnitUITesting-UnitUITestingUITests/Pods-UnitUITesting-UnitUITestingUITests-frameworks-${CONFIGURATION}-output-files.xcfilelist",
			);
			runOnlyForDeploymentPostprocessing = 0;
			shellPath = /bin/sh;
			shellScript = "\"${PODS_ROOT}/Target Support Files/Pods-UnitUITesting-UnitUITestingUITests/Pods-UnitUITesting-UnitUITestingUITests-frameworks.sh\"\n";
			showEnvVarsInLog = 0;
		};
/* End PBXShellScriptBuildPhase section */

/* Begin PBXSourcesBuildPhase section */
		648491E32972690800E11A55 /* Sources */ = {
			isa = PBXSourcesBuildPhase;
			buildActionMask = 2147483647;
			files = (
				64E1611929767C7800C625C5 /* ContactCell.swift in Sources */,
				6484921B2972695B00E11A55 /* Contact.swift in Sources */,
				648492162972693C00E11A55 /* AFHttp.swift in Sources */,
				648491ED2972690800E11A55 /* ContentView.swift in Sources */,
				64E1611B29767CCF00C625C5 /* ViewModel.swift in Sources */,
				648491EB2972690800E11A55 /* UnitUITestingApp.swift in Sources */,
			);
			runOnlyForDeploymentPostprocessing = 0;
		};
		648491F32972690A00E11A55 /* Sources */ = {
			isa = PBXSourcesBuildPhase;
			buildActionMask = 2147483647;
			files = (
				6484921C2972695B00E11A55 /* Contact.swift in Sources */,
				648492172972693C00E11A55 /* AFHttp.swift in Sources */,
				648491FC2972690A00E11A55 /* UnitUITestingTests.swift in Sources */,
			);
			runOnlyForDeploymentPostprocessing = 0;
		};
		648491FD2972690A00E11A55 /* Sources */ = {
			isa = PBXSourcesBuildPhase;
			buildActionMask = 2147483647;
			files = (
				6484921D2972695B00E11A55 /* Contact.swift in Sources */,
				648492182972693C00E11A55 /* AFHttp.swift in Sources */,
				648492062972690A00E11A55 /* UnitUITestingUITests.swift in Sources */,
				648492082972690A00E11A55 /* UnitUITestingUITestsLaunchTests.swift in Sources */,
			);
			runOnlyForDeploymentPostprocessing = 0;
		};
/* End PBXSourcesBuildPhase section */

/* Begin PBXTargetDependency section */
		648491F92972690A00E11A55 /* PBXTargetDependency */ = {
			isa = PBXTargetDependency;
			target = 648491E62972690800E11A55 /* UnitUITesting */;
			targetProxy = 648491F82972690A00E11A55 /* PBXContainerItemProxy */;
		};
		648492032972690A00E11A55 /* PBXTargetDependency */ = {
			isa = PBXTargetDependency;
			target = 648491E62972690800E11A55 /* UnitUITesting */;
			targetProxy = 648492022972690A00E11A55 /* PBXContainerItemProxy */;
		};
/* End PBXTargetDependency section */

/* Begin XCBuildConfiguration section */
		648492092972690A00E11A55 /* Debug */ = {
			isa = XCBuildConfiguration;
			buildSettings = {
				ALWAYS_SEARCH_USER_PATHS = NO;
				CLANG_ANALYZER_NONNULL = YES;
				CLANG_ANALYZER_NUMBER_OBJECT_CONVERSION = YES_AGGRESSIVE;
				CLANG_CXX_LANGUAGE_STANDARD = "gnu++20";
				CLANG_ENABLE_MODULES = YES;
				CLANG_ENABLE_OBJC_ARC = YES;
				CLANG_ENABLE_OBJC_WEAK = YES;
				CLANG_WARN_BLOCK_CAPTURE_AUTORELEASING = YES;
				CLANG_WARN_BOOL_CONVERSION = YES;
				CLANG_WARN_COMMA = YES;
				CLANG_WARN_CONSTANT_CONVERSION = YES;
				CLANG_WARN_DEPRECATED_OBJC_IMPLEMENTATIONS = YES;
				CLANG_WARN_DIRECT_OBJC_ISA_USAGE = YES_ERROR;
				CLANG_WARN_DOCUMENTATION_COMMENTS = YES;
				CLANG_WARN_EMPTY_BODY = YES;
				CLANG_WARN_ENUM_CONVERSION = YES;
				CLANG_WARN_INFINITE_RECURSION = YES;
				CLANG_WARN_INT_CONVERSION = YES;
				CLANG_WARN_NON_LITERAL_NULL_CONVERSION = YES;
				CLANG_WARN_OBJC_IMPLICIT_RETAIN_SELF = YES;
				CLANG_WARN_OBJC_LITERAL_CONVERSION = YES;
				CLANG_WARN_OBJC_ROOT_CLASS = YES_ERROR;
				CLANG_WARN_QUOTED_INCLUDE_IN_FRAMEWORK_HEADER = YES;
				CLANG_WARN_RANGE_LOOP_ANALYSIS = YES;
				CLANG_WARN_STRICT_PROTOTYPES = YES;
				CLANG_WARN_SUSPICIOUS_MOVE = YES;
				CLANG_WARN_UNGUARDED_AVAILABILITY = YES_AGGRESSIVE;
				CLANG_WARN_UNREACHABLE_CODE = YES;
				CLANG_WARN__DUPLICATE_METHOD_MATCH = YES;
				COPY_PHASE_STRIP = NO;
				DEBUG_INFORMATION_FORMAT = dwarf;
				ENABLE_STRICT_OBJC_MSGSEND = YES;
				ENABLE_TESTABILITY = YES;
				GCC_C_LANGUAGE_STANDARD = gnu11;
				GCC_DYNAMIC_NO_PIC = NO;
				GCC_NO_COMMON_BLOCKS = YES;
				GCC_OPTIMIZATION_LEVEL = 0;
				GCC_PREPROCESSOR_DEFINITIONS = (
					"DEBUG=1",
					"$(inherited)",
				);
				GCC_WARN_64_TO_32_BIT_CONVERSION = YES;
				GCC_WARN_ABOUT_RETURN_TYPE = YES_ERROR;
				GCC_WARN_UNDECLARED_SELECTOR = YES;
				GCC_WARN_UNINITIALIZED_AUTOS = YES_AGGRESSIVE;
				GCC_WARN_UNUSED_FUNCTION = YES;
				GCC_WARN_UNUSED_VARIABLE = YES;
				IPHONEOS_DEPLOYMENT_TARGET = 16.2;
				MTL_ENABLE_DEBUG_INFO = INCLUDE_SOURCE;
				MTL_FAST_MATH = YES;
				ONLY_ACTIVE_ARCH = YES;
				SDKROOT = iphoneos;
				SWIFT_ACTIVE_COMPILATION_CONDITIONS = DEBUG;
				SWIFT_OPTIMIZATION_LEVEL = "-Onone";
			};
			name = Debug;
		};
		6484920A2972690A00E11A55 /* Release */ = {
			isa = XCBuildConfiguration;
			buildSettings = {
				ALWAYS_SEARCH_USER_PATHS = NO;
				CLANG_ANALYZER_NONNULL = YES;
				CLANG_ANALYZER_NUMBER_OBJECT_CONVERSION = YES_AGGRESSIVE;
				CLANG_CXX_LANGUAGE_STANDARD = "gnu++20";
				CLANG_ENABLE_MODULES = YES;
				CLANG_ENABLE_OBJC_ARC = YES;
				CLANG_ENABLE_OBJC_WEAK = YES;
				CLANG_WARN_BLOCK_CAPTURE_AUTORELEASING = YES;
				CLANG_WARN_BOOL_CONVERSION = YES;
				CLANG_WARN_COMMA = YES;
				CLANG_WARN_CONSTANT_CONVERSION = YES;
				CLANG_WARN_DEPRECATED_OBJC_IMPLEMENTATIONS = YES;
				CLANG_WARN_DIRECT_OBJC_ISA_USAGE = YES_ERROR;
				CLANG_WARN_DOCUMENTATION_COMMENTS = YES;
				CLANG_WARN_EMPTY_BODY = YES;
				CLANG_WARN_ENUM_CONVERSION = YES;
				CLANG_WARN_INFINITE_RECURSION = YES;
				CLANG_WARN_INT_CONVERSION = YES;
				CLANG_WARN_NON_LITERAL_NULL_CONVERSION = YES;
				CLANG_WARN_OBJC_IMPLICIT_RETAIN_SELF = YES;
				CLANG_WARN_OBJC_LITERAL_CONVERSION = YES;
				CLANG_WARN_OBJC_ROOT_CLASS = YES_ERROR;
				CLANG_WARN_QUOTED_INCLUDE_IN_FRAMEWORK_HEADER = YES;
				CLANG_WARN_RANGE_LOOP_ANALYSIS = YES;
				CLANG_WARN_STRICT_PROTOTYPES = YES;
				CLANG_WARN_SUSPICIOUS_MOVE = YES;
				CLANG_WARN_UNGUARDED_AVAILABILITY = YES_AGGRESSIVE;
				CLANG_WARN_UNREACHABLE_CODE = YES;
				CLANG_WARN__DUPLICATE_METHOD_MATCH = YES;
				COPY_PHASE_STRIP = NO;
				DEBUG_INFORMATION_FORMAT = "dwarf-with-dsym";
				ENABLE_NS_ASSERTIONS = NO;
				ENABLE_STRICT_OBJC_MSGSEND = YES;
				GCC_C_LANGUAGE_STANDARD = gnu11;
				GCC_NO_COMMON_BLOCKS = YES;
				GCC_WARN_64_TO_32_BIT_CONVERSION = YES;
				GCC_WARN_ABOUT_RETURN_TYPE = YES_ERROR;
				GCC_WARN_UNDECLARED_SELECTOR = YES;
				GCC_WARN_UNINITIALIZED_AUTOS = YES_AGGRESSIVE;
				GCC_WARN_UNUSED_FUNCTION = YES;
				GCC_WARN_UNUSED_VARIABLE = YES;
				IPHONEOS_DEPLOYMENT_TARGET = 16.2;
				MTL_ENABLE_DEBUG_INFO = NO;
				MTL_FAST_MATH = YES;
				SDKROOT = iphoneos;
				SWIFT_COMPILATION_MODE = wholemodule;
				SWIFT_OPTIMIZATION_LEVEL = "-O";
				VALIDATE_PRODUCT = YES;
			};
			name = Release;
		};
		6484920C2972690A00E11A55 /* Debug */ = {
			isa = XCBuildConfiguration;
			baseConfigurationReference = 3C4A8F6290AD994BB07319CC /* Pods-UnitUITesting.debug.xcconfig */;
			buildSettings = {
				ASSETCATALOG_COMPILER_APPICON_NAME = AppIcon;
				ASSETCATALOG_COMPILER_GLOBAL_ACCENT_COLOR_NAME = AccentColor;
				CODE_SIGN_STYLE = Automatic;
				CURRENT_PROJECT_VERSION = 1;
				DEVELOPMENT_ASSET_PATHS = "\"UnitUITesting/Preview Content\"";
				DEVELOPMENT_TEAM = 6K7DDF9TZ3;
				ENABLE_PREVIEWS = YES;
				GENERATE_INFOPLIST_FILE = YES;
				INFOPLIST_KEY_UIApplicationSceneManifest_Generation = YES;
				INFOPLIST_KEY_UIApplicationSupportsIndirectInputEvents = YES;
				INFOPLIST_KEY_UILaunchScreen_Generation = YES;
				INFOPLIST_KEY_UISupportedInterfaceOrientations_iPad = "UIInterfaceOrientationPortrait UIInterfaceOrientationPortraitUpsideDown UIInterfaceOrientationLandscapeLeft UIInterfaceOrientationLandscapeRight";
				INFOPLIST_KEY_UISupportedInterfaceOrientations_iPhone = "UIInterfaceOrientationPortrait UIInterfaceOrientationLandscapeLeft UIInterfaceOrientationLandscapeRight";
				LD_RUNPATH_SEARCH_PATHS = (
					"$(inherited)",
					"@executable_path/Frameworks",
				);
				MARKETING_VERSION = 1.0;
				PRODUCT_BUNDLE_IDENTIFIER = dev.ogabek.UnitUITesting;
				PRODUCT_NAME = "$(TARGET_NAME)";
				SWIFT_EMIT_LOC_STRINGS = YES;
				SWIFT_VERSION = 5.0;
				TARGETED_DEVICE_FAMILY = "1,2";
			};
			name = Debug;
		};
		6484920D2972690A00E11A55 /* Release */ = {
			isa = XCBuildConfiguration;
			baseConfigurationReference = B62B9F39D7AEBA7D894A3074 /* Pods-UnitUITesting.release.xcconfig */;
			buildSettings = {
				ASSETCATALOG_COMPILER_APPICON_NAME = AppIcon;
				ASSETCATALOG_COMPILER_GLOBAL_ACCENT_COLOR_NAME = AccentColor;
				CODE_SIGN_STYLE = Automatic;
				CURRENT_PROJECT_VERSION = 1;
				DEVELOPMENT_ASSET_PATHS = "\"UnitUITesting/Preview Content\"";
				DEVELOPMENT_TEAM = 6K7DDF9TZ3;
				ENABLE_PREVIEWS = YES;
				GENERATE_INFOPLIST_FILE = YES;
				INFOPLIST_KEY_UIApplicationSceneManifest_Generation = YES;
				INFOPLIST_KEY_UIApplicationSupportsIndirectInputEvents = YES;
				INFOPLIST_KEY_UILaunchScreen_Generation = YES;
				INFOPLIST_KEY_UISupportedInterfaceOrientations_iPad = "UIInterfaceOrientationPortrait UIInterfaceOrientationPortraitUpsideDown UIInterfaceOrientationLandscapeLeft UIInterfaceOrientationLandscapeRight";
				INFOPLIST_KEY_UISupportedInterfaceOrientations_iPhone = "UIInterfaceOrientationPortrait UIInterfaceOrientationLandscapeLeft UIInterfaceOrientationLandscapeRight";
				LD_RUNPATH_SEARCH_PATHS = (
					"$(inherited)",
					"@executable_path/Frameworks",
				);
				MARKETING_VERSION = 1.0;
				PRODUCT_BUNDLE_IDENTIFIER = dev.ogabek.UnitUITesting;
				PRODUCT_NAME = "$(TARGET_NAME)";
				SWIFT_EMIT_LOC_STRINGS = YES;
				SWIFT_VERSION = 5.0;
				TARGETED_DEVICE_FAMILY = "1,2";
			};
			name = Release;
		};
		6484920F2972690A00E11A55 /* Debug */ = {
			isa = XCBuildConfiguration;
			baseConfigurationReference = E24BC3B5DCB5E987CE5D1DB2 /* Pods-UnitUITestingTests.debug.xcconfig */;
			buildSettings = {
				ALWAYS_EMBED_SWIFT_STANDARD_LIBRARIES = YES;
				BUNDLE_LOADER = "$(TEST_HOST)";
				CODE_SIGN_STYLE = Automatic;
				CURRENT_PROJECT_VERSION = 1;
				DEVELOPMENT_TEAM = 6K7DDF9TZ3;
				GENERATE_INFOPLIST_FILE = YES;
				IPHONEOS_DEPLOYMENT_TARGET = 16.2;
				MARKETING_VERSION = 1.0;
				PRODUCT_BUNDLE_IDENTIFIER = dev.ogabek.UnitUITestingTests;
				PRODUCT_NAME = "$(TARGET_NAME)";
				SWIFT_EMIT_LOC_STRINGS = NO;
				SWIFT_VERSION = 5.0;
				TARGETED_DEVICE_FAMILY = "1,2";
				TEST_HOST = "$(BUILT_PRODUCTS_DIR)/UnitUITesting.app/$(BUNDLE_EXECUTABLE_FOLDER_PATH)/UnitUITesting";
			};
			name = Debug;
		};
		648492102972690A00E11A55 /* Release */ = {
			isa = XCBuildConfiguration;
			baseConfigurationReference = 99AE97E2B853DC749FB3972B /* Pods-UnitUITestingTests.release.xcconfig */;
			buildSettings = {
				ALWAYS_EMBED_SWIFT_STANDARD_LIBRARIES = YES;
				BUNDLE_LOADER = "$(TEST_HOST)";
				CODE_SIGN_STYLE = Automatic;
				CURRENT_PROJECT_VERSION = 1;
				DEVELOPMENT_TEAM = 6K7DDF9TZ3;
				GENERATE_INFOPLIST_FILE = YES;
				IPHONEOS_DEPLOYMENT_TARGET = 16.2;
				MARKETING_VERSION = 1.0;
				PRODUCT_BUNDLE_IDENTIFIER = dev.ogabek.UnitUITestingTests;
				PRODUCT_NAME = "$(TARGET_NAME)";
				SWIFT_EMIT_LOC_STRINGS = NO;
				SWIFT_VERSION = 5.0;
				TARGETED_DEVICE_FAMILY = "1,2";
				TEST_HOST = "$(BUILT_PRODUCTS_DIR)/UnitUITesting.app/$(BUNDLE_EXECUTABLE_FOLDER_PATH)/UnitUITesting";
			};
			name = Release;
		};
		648492122972690A00E11A55 /* Debug */ = {
			isa = XCBuildConfiguration;
			baseConfigurationReference = 50C8E7BA067BC28A4190EE8C /* Pods-UnitUITesting-UnitUITestingUITests.debug.xcconfig */;
			buildSettings = {
				ALWAYS_EMBED_SWIFT_STANDARD_LIBRARIES = YES;
				CODE_SIGN_STYLE = Automatic;
				CURRENT_PROJECT_VERSION = 1;
				DEVELOPMENT_TEAM = 6K7DDF9TZ3;
				GENERATE_INFOPLIST_FILE = YES;
				MARKETING_VERSION = 1.0;
				PRODUCT_BUNDLE_IDENTIFIER = dev.ogabek.UnitUITestingUITests;
				PRODUCT_NAME = "$(TARGET_NAME)";
				SWIFT_EMIT_LOC_STRINGS = NO;
				SWIFT_VERSION = 5.0;
				TARGETED_DEVICE_FAMILY = "1,2";
				TEST_TARGET_NAME = UnitUITesting;
			};
			name = Debug;
		};
		648492132972690A00E11A55 /* Release */ = {
			isa = XCBuildConfiguration;
			baseConfigurationReference = 89CB38DA65C02AE7C4FCD575 /* Pods-UnitUITesting-UnitUITestingUITests.release.xcconfig */;
			buildSettings = {
				ALWAYS_EMBED_SWIFT_STANDARD_LIBRARIES = YES;
				CODE_SIGN_STYLE = Automatic;
				CURRENT_PROJECT_VERSION = 1;
				DEVELOPMENT_TEAM = 6K7DDF9TZ3;
				GENERATE_INFOPLIST_FILE = YES;
				MARKETING_VERSION = 1.0;
				PRODUCT_BUNDLE_IDENTIFIER = dev.ogabek.UnitUITestingUITests;
				PRODUCT_NAME = "$(TARGET_NAME)";
				SWIFT_EMIT_LOC_STRINGS = NO;
				SWIFT_VERSION = 5.0;
				TARGETED_DEVICE_FAMILY = "1,2";
				TEST_TARGET_NAME = UnitUITesting;
			};
			name = Release;
		};
/* End XCBuildConfiguration section */

/* Begin XCConfigurationList section */
		648491E22972690800E11A55 /* Build configuration list for PBXProject "UnitUITesting" */ = {
			isa = XCConfigurationList;
			buildConfigurations = (
				648492092972690A00E11A55 /* Debug */,
				6484920A2972690A00E11A55 /* Release */,
			);
			defaultConfigurationIsVisible = 0;
			defaultConfigurationName = Release;
		};
		6484920B2972690A00E11A55 /* Build configuration list for PBXNativeTarget "UnitUITesting" */ = {
			isa = XCConfigurationList;
			buildConfigurations = (
				6484920C2972690A00E11A55 /* Debug */,
				6484920D2972690A00E11A55 /* Release */,
			);
			defaultConfigurationIsVisible = 0;
			defaultConfigurationName = Release;
		};
		6484920E2972690A00E11A55 /* Build configuration list for PBXNativeTarget "UnitUITestingTests" */ = {
			isa = XCConfigurationList;
			buildConfigurations = (
				6484920F2972690A00E11A55 /* Debug */,
				648492102972690A00E11A55 /* Release */,
			);
			defaultConfigurationIsVisible = 0;
			defaultConfigurationName = Release;
		};
		648492112972690A00E11A55 /* Build configuration list for PBXNativeTarget "UnitUITestingUITests" */ = {
			isa = XCConfigurationList;
			buildConfigurations = (
				648492122972690A00E11A55 /* Debug */,
				648492132972690A00E11A55 /* Release */,
			);
			defaultConfigurationIsVisible = 0;
			defaultConfigurationName = Release;
		};
/* End XCConfigurationList section */
	};
	rootObject = 648491DF2972690800E11A55 /* Project object */;
}
